
Microsoft Visual Studio Solution File, Format Version 12.00
# Visual Studio 2012
VisualStudioVersion = 14.0.22609.0
MinimumVisualStudioVersion = 10.0.40219.1
Project("{FAE04EC0-301F-11D3-BF4B-00C04F79EFBC}") = "XamarinSA.Locator.iOS", "iOS\XamarinSA.Locator.iOS.csproj", "{C9131622-FEFC-45F5-BB69-E903892CC9E1}"
EndProject
Project("{FAE04EC0-301F-11D3-BF4B-00C04F79EFBC}") = "XamarinSA.Locator.Droid", "Droid\XamarinSA.Locator.Droid.csproj", "{B8B1D92F-E278-43D0-96B3-6A56B78BBCAE}"
EndProject
Project("{FAE04EC0-301F-11D3-BF4B-00C04F79EFBC}") = "Xamarin.Base", "XamarinSA.Base\Xamarin.Base.csproj", "{869A1F0B-58D0-400D-9935-11688D1B05DF}"
EndProject
Project("{FAE04EC0-301F-11D3-BF4B-00C04F79EFBC}") = "XamarinSA.Locator", "XamarinSA.Locator\XamarinSA.Locator.csproj", "{FF2A5734-9A34-4FC4-AFF6-CEA8C9557796}"
EndProject
Project("{FAE04EC0-301F-11D3-BF4B-00C04F79EFBC}") = "XamarinSA.Locator.WinPhone", "XamarinSA.Locator.WinPhone\XamarinSA.Locator.WinPhone\XamarinSA.Locator.WinPhone.csproj", "{73ED93F5-6812-465D-820F-5EAC9D3E8E06}"
EndProject
Global
	GlobalSection(SolutionConfigurationPlatforms) = preSolution
		Ad-Hoc|Any CPU = Ad-Hoc|Any CPU
		Ad-Hoc|ARM = Ad-Hoc|ARM
		Ad-Hoc|iPhone = Ad-Hoc|iPhone
		Ad-Hoc|iPhoneSimulator = Ad-Hoc|iPhoneSimulator
		Ad-Hoc|x64 = Ad-Hoc|x64
		Ad-Hoc|x86 = Ad-Hoc|x86
		AppStore|Any CPU = AppStore|Any CPU
		AppStore|ARM = AppStore|ARM
		AppStore|iPhone = AppStore|iPhone
		AppStore|iPhoneSimulator = AppStore|iPhoneSimulator
		AppStore|x64 = AppStore|x64
		AppStore|x86 = AppStore|x86
		Debug|Any CPU = Debug|Any CPU
		Debug|ARM = Debug|ARM
		Debug|iPhone = Debug|iPhone
		Debug|iPhoneSimulator = Debug|iPhoneSimulator
		Debug|x64 = Debug|x64
		Debug|x86 = Debug|x86
		Release|Any CPU = Release|Any CPU
		Release|ARM = Release|ARM
		Release|iPhone = Release|iPhone
		Release|iPhoneSimulator = Release|iPhoneSimulator
		Release|x64 = Release|x64
		Release|x86 = Release|x86
	EndGlobalSection
	GlobalSection(ProjectConfigurationPlatforms) = postSolution
		{73ED93F5-6812-465D-820F-5EAC9D3E8E06}.Ad-Hoc|Any CPU.ActiveCfg = Release|Any CPU
		{73ED93F5-6812-465D-820F-5EAC9D3E8E06}.Ad-Hoc|Any CPU.Build.0 = Release|Any CPU
		{73ED93F5-6812-465D-820F-5EAC9D3E8E06}.Ad-Hoc|Any CPU.Deploy.0 = Release|Any CPU
		{73ED93F5-6812-465D-820F-5EAC9D3E8E06}.Ad-Hoc|ARM.ActiveCfg = Release|ARM
		{73ED93F5-6812-465D-820F-5EAC9D3E8E06}.Ad-Hoc|ARM.Build.0 = Release|ARM
		{73ED93F5-6812-465D-820F-5EAC9D3E8E06}.Ad-Hoc|ARM.Deploy.0 = Release|ARM
		{73ED93F5-6812-465D-820F-5EAC9D3E8E06}.Ad-Hoc|iPhone.ActiveCfg = Release|Any CPU
		{73ED93F5-6812-465D-820F-5EAC9D3E8E06}.Ad-Hoc|iPhone.Build.0 = Release|Any CPU
		{73ED93F5-6812-465D-820F-5EAC9D3E8E06}.Ad-Hoc|iPhone.Deploy.0 = Release|Any CPU
		{73ED93F5-6812-465D-820F-5EAC9D3E8E06}.Ad-Hoc|iPhoneSimulator.ActiveCfg = Release|Any CPU
		{73ED93F5-6812-465D-820F-5EAC9D3E8E06}.Ad-Hoc|iPhoneSimulator.Build.0 = Release|Any CPU
		{73ED93F5-6812-465D-820F-5EAC9D3E8E06}.Ad-Hoc|iPhoneSimulator.Deploy.0 = Release|Any CPU
		{73ED93F5-6812-465D-820F-5EAC9D3E8E06}.Ad-Hoc|x64.ActiveCfg = Release|Any CPU
		{73ED93F5-6812-465D-820F-5EAC9D3E8E06}.Ad-Hoc|x64.Build.0 = Release|Any CPU
		{73ED93F5-6812-465D-820F-5EAC9D3E8E06}.Ad-Hoc|x64.Deploy.0 = Release|Any CPU
		{73ED93F5-6812-465D-820F-5EAC9D3E8E06}.Ad-Hoc|x86.ActiveCfg = Release|x86
		{73ED93F5-6812-465D-820F-5EAC9D3E8E06}.Ad-Hoc|x86.Build.0 = Release|x86
		{73ED93F5-6812-465D-820F-5EAC9D3E8E06}.Ad-Hoc|x86.Deploy.0 = Release|x86
		{73ED93F5-6812-465D-820F-5EAC9D3E8E06}.AppStore|Any CPU.ActiveCfg = Release|Any CPU
		{73ED93F5-6812-465D-820F-5EAC9D3E8E06}.AppStore|Any CPU.Build.0 = Release|Any CPU
		{73ED93F5-6812-465D-820F-5EAC9D3E8E06}.AppStore|Any CPU.Deploy.0 = Release|Any CPU
		{73ED93F5-6812-465D-820F-5EAC9D3E8E06}.AppStore|ARM.ActiveCfg = Release|ARM
		{73ED93F5-6812-465D-820F-5EAC9D3E8E06}.AppStore|ARM.Build.0 = Release|ARM
		{73ED93F5-6812-465D-820F-5EAC9D3E8E06}.AppStore|ARM.Deploy.0 = Release|ARM
		{73ED93F5-6812-465D-820F-5EAC9D3E8E06}.AppStore|iPhone.ActiveCfg = Release|Any CPU
		{73ED93F5-6812-465D-820F-5EAC9D3E8E06}.AppStore|iPhone.Build.0 = Release|Any CPU
		{73ED93F5-6812-465D-820F-5EAC9D3E8E06}.AppStore|iPhone.Deploy.0 = Release|Any CPU
		{73ED93F5-6812-465D-820F-5EAC9D3E8E06}.AppStore|iPhoneSimulator.ActiveCfg = Release|Any CPU
		{73ED93F5-6812-465D-820F-5EAC9D3E8E06}.AppStore|iPhoneSimulator.Build.0 = Release|Any CPU
		{73ED93F5-6812-465D-820F-5EAC9D3E8E06}.AppStore|iPhoneSimulator.Deploy.0 = Release|Any CPU
		{73ED93F5-6812-465D-820F-5EAC9D3E8E06}.AppStore|x64.ActiveCfg = Release|Any CPU
		{73ED93F5-6812-465D-820F-5EAC9D3E8E06}.AppStore|x64.Build.0 = Release|Any CPU
		{73ED93F5-6812-465D-820F-5EAC9D3E8E06}.AppStore|x64.Deploy.0 = Release|Any CPU
		{73ED93F5-6812-465D-820F-5EAC9D3E8E06}.AppStore|x86.ActiveCfg = Release|x86
		{73ED93F5-6812-465D-820F-5EAC9D3E8E06}.AppStore|x86.Build.0 = Release|x86
		{73ED93F5-6812-465D-820F-5EAC9D3E8E06}.AppStore|x86.Deploy.0 = Release|x86
		{73ED93F5-6812-465D-820F-5EAC9D3E8E06}.Debug|Any CPU.ActiveCfg = Debug|Any CPU
		{73ED93F5-6812-465D-820F-5EAC9D3E8E06}.Debug|Any CPU.Build.0 = Debug|Any CPU
		{73ED93F5-6812-465D-820F-5EAC9D3E8E06}.Debug|Any CPU.Deploy.0 = Debug|Any CPU
		{73ED93F5-6812-465D-820F-5EAC9D3E8E06}.Debug|ARM.ActiveCfg = Debug|ARM
		{73ED93F5-6812-465D-820F-5EAC9D3E8E06}.Debug|ARM.Build.0 = Debug|ARM
		{73ED93F5-6812-465D-820F-5EAC9D3E8E06}.Debug|ARM.Deploy.0 = Debug|ARM
		{73ED93F5-6812-465D-820F-5EAC9D3E8E06}.Debug|iPhone.ActiveCfg = Debug|Any CPU
		{73ED93F5-6812-465D-820F-5EAC9D3E8E06}.Debug|iPhone.Build.0 = Debug|Any CPU
		{73ED93F5-6812-465D-820F-5EAC9D3E8E06}.Debug|iPhone.Deploy.0 = Debug|Any CPU
		{73ED93F5-6812-465D-820F-5EAC9D3E8E06}.Debug|iPhoneSimulator.ActiveCfg = Debug|Any CPU
		{73ED93F5-6812-465D-820F-5EAC9D3E8E06}.Debug|iPhoneSimulator.Build.0 = Debug|Any CPU
		{73ED93F5-6812-465D-820F-5EAC9D3E8E06}.Debug|iPhoneSimulator.Deploy.0 = Debug|Any CPU
		{73ED93F5-6812-465D-820F-5EAC9D3E8E06}.Debug|x64.ActiveCfg = Debug|Any CPU
		{73ED93F5-6812-465D-820F-5EAC9D3E8E06}.Debug|x64.Build.0 = Debug|Any CPU
		{73ED93F5-6812-465D-820F-5EAC9D3E8E06}.Debug|x64.Deploy.0 = Debug|Any CPU
		{73ED93F5-6812-465D-820F-5EAC9D3E8E06}.Debug|x86.ActiveCfg = Debug|x86
		{73ED93F5-6812-465D-820F-5EAC9D3E8E06}.Debug|x86.Build.0 = Debug|x86
		{73ED93F5-6812-465D-820F-5EAC9D3E8E06}.Debug|x86.Deploy.0 = Debug|x86
		{73ED93F5-6812-465D-820F-5EAC9D3E8E06}.Release|Any CPU.ActiveCfg = Release|Any CPU
		{73ED93F5-6812-465D-820F-5EAC9D3E8E06}.Release|Any CPU.Build.0 = Release|Any CPU
		{73ED93F5-6812-465D-820F-5EAC9D3E8E06}.Release|Any CPU.Deploy.0 = Release|Any CPU
		{73ED93F5-6812-465D-820F-5EAC9D3E8E06}.Release|ARM.ActiveCfg = Release|ARM
		{73ED93F5-6812-465D-820F-5EAC9D3E8E06}.Release|ARM.Build.0 = Release|ARM
		{73ED93F5-6812-465D-820F-5EAC9D3E8E06}.Release|ARM.Deploy.0 = Release|ARM
		{73ED93F5-6812-465D-820F-5EAC9D3E8E06}.Release|iPhone.ActiveCfg = Release|Any CPU
		{73ED93F5-6812-465D-820F-5EAC9D3E8E06}.Release|iPhone.Build.0 = Release|Any CPU
		{73ED93F5-6812-465D-820F-5EAC9D3E8E06}.Release|iPhone.Deploy.0 = Release|Any CPU
		{73ED93F5-6812-465D-820F-5EAC9D3E8E06}.Release|iPhoneSimulator.ActiveCfg = Release|Any CPU
		{73ED93F5-6812-465D-820F-5EAC9D3E8E06}.Release|iPhoneSimulator.Build.0 = Release|Any CPU
		{73ED93F5-6812-465D-820F-5EAC9D3E8E06}.Release|iPhoneSimulator.Deploy.0 = Release|Any CPU
		{73ED93F5-6812-465D-820F-5EAC9D3E8E06}.Release|x64.ActiveCfg = Release|Any CPU
		{73ED93F5-6812-465D-820F-5EAC9D3E8E06}.Release|x64.Build.0 = Release|Any CPU
		{73ED93F5-6812-465D-820F-5EAC9D3E8E06}.Release|x64.Deploy.0 = Release|Any CPU
		{73ED93F5-6812-465D-820F-5EAC9D3E8E06}.Release|x86.ActiveCfg = Release|x86
		{73ED93F5-6812-465D-820F-5EAC9D3E8E06}.Release|x86.Build.0 = Release|x86
		{73ED93F5-6812-465D-820F-5EAC9D3E8E06}.Release|x86.Deploy.0 = Release|x86
		{869A1F0B-58D0-400D-9935-11688D1B05DF}.Ad-Hoc|Any CPU.ActiveCfg = Debug|Any CPU
		{869A1F0B-58D0-400D-9935-11688D1B05DF}.Ad-Hoc|Any CPU.Build.0 = Debug|Any CPU
		{869A1F0B-58D0-400D-9935-11688D1B05DF}.Ad-Hoc|ARM.ActiveCfg = Release|Any CPU
		{869A1F0B-58D0-400D-9935-11688D1B05DF}.Ad-Hoc|ARM.Build.0 = Release|Any CPU
		{869A1F0B-58D0-400D-9935-11688D1B05DF}.Ad-Hoc|iPhone.ActiveCfg = Release|Any CPU
		{869A1F0B-58D0-400D-9935-11688D1B05DF}.Ad-Hoc|iPhone.Build.0 = Release|Any CPU
		{869A1F0B-58D0-400D-9935-11688D1B05DF}.Ad-Hoc|iPhoneSimulator.ActiveCfg = Debug|Any CPU
		{869A1F0B-58D0-400D-9935-11688D1B05DF}.Ad-Hoc|iPhoneSimulator.Build.0 = Debug|Any CPU
		{869A1F0B-58D0-400D-9935-11688D1B05DF}.Ad-Hoc|x64.ActiveCfg = Release|Any CPU
		{869A1F0B-58D0-400D-9935-11688D1B05DF}.Ad-Hoc|x64.Build.0 = Release|Any CPU
		{869A1F0B-58D0-400D-9935-11688D1B05DF}.Ad-Hoc|x86.ActiveCfg = Release|Any CPU
		{869A1F0B-58D0-400D-9935-11688D1B05DF}.Ad-Hoc|x86.Build.0 = Release|Any CPU
		{869A1F0B-58D0-400D-9935-11688D1B05DF}.AppStore|Any CPU.ActiveCfg = Debug|Any CPU
		{869A1F0B-58D0-400D-9935-11688D1B05DF}.AppStore|Any CPU.Build.0 = Debug|Any CPU
		{869A1F0B-58D0-400D-9935-11688D1B05DF}.AppStore|ARM.ActiveCfg = Release|Any CPU
		{869A1F0B-58D0-400D-9935-11688D1B05DF}.AppStore|ARM.Build.0 = Release|Any CPU
		{869A1F0B-58D0-400D-9935-11688D1B05DF}.AppStore|iPhone.ActiveCfg = Release|Any CPU
		{869A1F0B-58D0-400D-9935-11688D1B05DF}.AppStore|iPhone.Build.0 = Release|Any CPU
		{869A1F0B-58D0-400D-9935-11688D1B05DF}.AppStore|iPhoneSimulator.ActiveCfg = Debug|Any CPU
		{869A1F0B-58D0-400D-9935-11688D1B05DF}.AppStore|iPhoneSimulator.Build.0 = Debug|Any CPU
		{869A1F0B-58D0-400D-9935-11688D1B05DF}.AppStore|x64.ActiveCfg = Release|Any CPU
		{869A1F0B-58D0-400D-9935-11688D1B05DF}.AppStore|x64.Build.0 = Release|Any CPU
		{869A1F0B-58D0-400D-9935-11688D1B05DF}.AppStore|x86.ActiveCfg = Release|Any CPU
		{869A1F0B-58D0-400D-9935-11688D1B05DF}.AppStore|x86.Build.0 = Release|Any CPU
		{869A1F0B-58D0-400D-9935-11688D1B05DF}.Debug|Any CPU.ActiveCfg = Debug|Any CPU
		{869A1F0B-58D0-400D-9935-11688D1B05DF}.Debug|Any CPU.Build.0 = Debug|Any CPU
		{869A1F0B-58D0-400D-9935-11688D1B05DF}.Debug|ARM.ActiveCfg = Debug|Any CPU
		{869A1F0B-58D0-400D-9935-11688D1B05DF}.Debug|ARM.Build.0 = Debug|Any CPU
		{869A1F0B-58D0-400D-9935-11688D1B05DF}.Debug|iPhone.ActiveCfg = Debug|Any CPU
		{869A1F0B-58D0-400D-9935-11688D1B05DF}.Debug|iPhone.Build.0 = Debug|Any CPU
		{869A1F0B-58D0-400D-9935-11688D1B05DF}.Debug|iPhoneSimulator.ActiveCfg = Debug|Any CPU
		{869A1F0B-58D0-400D-9935-11688D1B05DF}.Debug|iPhoneSimulator.Build.0 = Debug|Any CPU
		{869A1F0B-58D0-400D-9935-11688D1B05DF}.Debug|x64.ActiveCfg = Debug|Any CPU
		{869A1F0B-58D0-400D-9935-11688D1B05DF}.Debug|x64.Build.0 = Debug|Any CPU
		{869A1F0B-58D0-400D-9935-11688D1B05DF}.Debug|x86.ActiveCfg = Debug|Any CPU
		{869A1F0B-58D0-400D-9935-11688D1B05DF}.Debug|x86.Build.0 = Debug|Any CPU
		{869A1F0B-58D0-400D-9935-11688D1B05DF}.Release|Any CPU.ActiveCfg = Release|Any CPU
		{869A1F0B-58D0-400D-9935-11688D1B05DF}.Release|Any CPU.Build.0 = Release|Any CPU
		{869A1F0B-58D0-400D-9935-11688D1B05DF}.Release|ARM.ActiveCfg = Release|Any CPU
		{869A1F0B-58D0-400D-9935-11688D1B05DF}.Release|ARM.Build.0 = Release|Any CPU
		{869A1F0B-58D0-400D-9935-11688D1B05DF}.Release|iPhone.ActiveCfg = Release|Any CPU
		{869A1F0B-58D0-400D-9935-11688D1B05DF}.Release|iPhone.Build.0 = Release|Any CPU
		{869A1F0B-58D0-400D-9935-11688D1B05DF}.Release|iPhoneSimulator.ActiveCfg = Release|Any CPU
		{869A1F0B-58D0-400D-9935-11688D1B05DF}.Release|iPhoneSimulator.Build.0 = Release|Any CPU
		{869A1F0B-58D0-400D-9935-11688D1B05DF}.Release|x64.ActiveCfg = Release|Any CPU
		{869A1F0B-58D0-400D-9935-11688D1B05DF}.Release|x64.Build.0 = Release|Any CPU
		{869A1F0B-58D0-400D-9935-11688D1B05DF}.Release|x86.ActiveCfg = Release|Any CPU
		{869A1F0B-58D0-400D-9935-11688D1B05DF}.Release|x86.Build.0 = Release|Any CPU
		{B8B1D92F-E278-43D0-96B3-6A56B78BBCAE}.Ad-Hoc|Any CPU.ActiveCfg = Debug|Any CPU
		{B8B1D92F-E278-43D0-96B3-6A56B78BBCAE}.Ad-Hoc|Any CPU.Build.0 = Debug|Any CPU
		{B8B1D92F-E278-43D0-96B3-6A56B78BBCAE}.Ad-Hoc|Any CPU.Deploy.0 = Debug|Any CPU
		{B8B1D92F-E278-43D0-96B3-6A56B78BBCAE}.Ad-Hoc|ARM.ActiveCfg = Release|Any CPU
		{B8B1D92F-E278-43D0-96B3-6A56B78BBCAE}.Ad-Hoc|ARM.Build.0 = Release|Any CPU
		{B8B1D92F-E278-43D0-96B3-6A56B78BBCAE}.Ad-Hoc|ARM.Deploy.0 = Release|Any CPU
		{B8B1D92F-E278-43D0-96B3-6A56B78BBCAE}.Ad-Hoc|iPhone.ActiveCfg = Release|Any CPU
		{B8B1D92F-E278-43D0-96B3-6A56B78BBCAE}.Ad-Hoc|iPhone.Build.0 = Release|Any CPU
		{B8B1D92F-E278-43D0-96B3-6A56B78BBCAE}.Ad-Hoc|iPhoneSimulator.ActiveCfg = Debug|Any CPU
		{B8B1D92F-E278-43D0-96B3-6A56B78BBCAE}.Ad-Hoc|iPhoneSimulator.Build.0 = Debug|Any CPU
		{B8B1D92F-E278-43D0-96B3-6A56B78BBCAE}.Ad-Hoc|iPhoneSimulator.Deploy.0 = Debug|Any CPU
		{B8B1D92F-E278-43D0-96B3-6A56B78BBCAE}.Ad-Hoc|x64.ActiveCfg = Release|Any CPU
		{B8B1D92F-E278-43D0-96B3-6A56B78BBCAE}.Ad-Hoc|x64.Build.0 = Release|Any CPU
		{B8B1D92F-E278-43D0-96B3-6A56B78BBCAE}.Ad-Hoc|x64.Deploy.0 = Release|Any CPU
		{B8B1D92F-E278-43D0-96B3-6A56B78BBCAE}.Ad-Hoc|x86.ActiveCfg = Release|Any CPU
		{B8B1D92F-E278-43D0-96B3-6A56B78BBCAE}.Ad-Hoc|x86.Build.0 = Release|Any CPU
		{B8B1D92F-E278-43D0-96B3-6A56B78BBCAE}.Ad-Hoc|x86.Deploy.0 = Release|Any CPU
		{B8B1D92F-E278-43D0-96B3-6A56B78BBCAE}.AppStore|Any CPU.ActiveCfg = Debug|Any CPU
		{B8B1D92F-E278-43D0-96B3-6A56B78BBCAE}.AppStore|Any CPU.Build.0 = Debug|Any CPU
		{B8B1D92F-E278-43D0-96B3-6A56B78BBCAE}.AppStore|Any CPU.Deploy.0 = Debug|Any CPU
		{B8B1D92F-E278-43D0-96B3-6A56B78BBCAE}.AppStore|ARM.ActiveCfg = Release|Any CPU
		{B8B1D92F-E278-43D0-96B3-6A56B78BBCAE}.AppStore|ARM.Build.0 = Release|Any CPU
		{B8B1D92F-E278-43D0-96B3-6A56B78BBCAE}.AppStore|ARM.Deploy.0 = Release|Any CPU
		{B8B1D92F-E278-43D0-96B3-6A56B78BBCAE}.AppStore|iPhone.ActiveCfg = Release|Any CPU
		{B8B1D92F-E278-43D0-96B3-6A56B78BBCAE}.AppStore|iPhone.Build.0 = Release|Any CPU
		{B8B1D92F-E278-43D0-96B3-6A56B78BBCAE}.AppStore|iPhoneSimulator.ActiveCfg = Debug|Any CPU
		{B8B1D92F-E278-43D0-96B3-6A56B78BBCAE}.AppStore|iPhoneSimulator.Build.0 = Debug|Any CPU
		{B8B1D92F-E278-43D0-96B3-6A56B78BBCAE}.AppStore|iPhoneSimulator.Deploy.0 = Debug|Any CPU
		{B8B1D92F-E278-43D0-96B3-6A56B78BBCAE}.AppStore|x64.ActiveCfg = Release|Any CPU
		{B8B1D92F-E278-43D0-96B3-6A56B78BBCAE}.AppStore|x64.Build.0 = Release|Any CPU
		{B8B1D92F-E278-43D0-96B3-6A56B78BBCAE}.AppStore|x64.Deploy.0 = Release|Any CPU
		{B8B1D92F-E278-43D0-96B3-6A56B78BBCAE}.AppStore|x86.ActiveCfg = Release|Any CPU
		{B8B1D92F-E278-43D0-96B3-6A56B78BBCAE}.AppStore|x86.Build.0 = Release|Any CPU
		{B8B1D92F-E278-43D0-96B3-6A56B78BBCAE}.AppStore|x86.Deploy.0 = Release|Any CPU
		{B8B1D92F-E278-43D0-96B3-6A56B78BBCAE}.Debug|Any CPU.ActiveCfg = Debug|Any CPU
		{B8B1D92F-E278-43D0-96B3-6A56B78BBCAE}.Debug|Any CPU.Build.0 = Debug|Any CPU
		{B8B1D92F-E278-43D0-96B3-6A56B78BBCAE}.Debug|Any CPU.Deploy.0 = Debug|Any CPU
		{B8B1D92F-E278-43D0-96B3-6A56B78BBCAE}.Debug|ARM.ActiveCfg = Debug|Any CPU
		{B8B1D92F-E278-43D0-96B3-6A56B78BBCAE}.Debug|ARM.Build.0 = Debug|Any CPU
		{B8B1D92F-E278-43D0-96B3-6A56B78BBCAE}.Debug|ARM.Deploy.0 = Debug|Any CPU
		{B8B1D92F-E278-43D0-96B3-6A56B78BBCAE}.Debug|iPhone.ActiveCfg = Debug|Any CPU
		{B8B1D92F-E278-43D0-96B3-6A56B78BBCAE}.Debug|iPhone.Build.0 = Debug|Any CPU
		{B8B1D92F-E278-43D0-96B3-6A56B78BBCAE}.Debug|iPhoneSimulator.ActiveCfg = Debug|Any CPU
		{B8B1D92F-E278-43D0-96B3-6A56B78BBCAE}.Debug|iPhoneSimulator.Build.0 = Debug|Any CPU
		{B8B1D92F-E278-43D0-96B3-6A56B78BBCAE}.Debug|x64.ActiveCfg = Debug|Any CPU
		{B8B1D92F-E278-43D0-96B3-6A56B78BBCAE}.Debug|x64.Build.0 = Debug|Any CPU
		{B8B1D92F-E278-43D0-96B3-6A56B78BBCAE}.Debug|x64.Deploy.0 = Debug|Any CPU
		{B8B1D92F-E278-43D0-96B3-6A56B78BBCAE}.Debug|x86.ActiveCfg = Debug|Any CPU
		{B8B1D92F-E278-43D0-96B3-6A56B78BBCAE}.Debug|x86.Build.0 = Debug|Any CPU
		{B8B1D92F-E278-43D0-96B3-6A56B78BBCAE}.Debug|x86.Deploy.0 = Debug|Any CPU
		{B8B1D92F-E278-43D0-96B3-6A56B78BBCAE}.Release|Any CPU.ActiveCfg = Release|Any CPU
		{B8B1D92F-E278-43D0-96B3-6A56B78BBCAE}.Release|Any CPU.Build.0 = Release|Any CPU
		{B8B1D92F-E278-43D0-96B3-6A56B78BBCAE}.Release|ARM.ActiveCfg = Release|Any CPU
		{B8B1D92F-E278-43D0-96B3-6A56B78BBCAE}.Release|ARM.Build.0 = Release|Any CPU
		{B8B1D92F-E278-43D0-96B3-6A56B78BBCAE}.Release|ARM.Deploy.0 = Release|Any CPU
		{B8B1D92F-E278-43D0-96B3-6A56B78BBCAE}.Release|iPhone.ActiveCfg = Release|Any CPU
		{B8B1D92F-E278-43D0-96B3-6A56B78BBCAE}.Release|iPhone.Build.0 = Release|Any CPU
		{B8B1D92F-E278-43D0-96B3-6A56B78BBCAE}.Release|iPhoneSimulator.ActiveCfg = Release|Any CPU
		{B8B1D92F-E278-43D0-96B3-6A56B78BBCAE}.Release|iPhoneSimulator.Build.0 = Release|Any CPU
		{B8B1D92F-E278-43D0-96B3-6A56B78BBCAE}.Release|x64.ActiveCfg = Release|Any CPU
		{B8B1D92F-E278-43D0-96B3-6A56B78BBCAE}.Release|x64.Build.0 = Release|Any CPU
		{B8B1D92F-E278-43D0-96B3-6A56B78BBCAE}.Release|x64.Deploy.0 = Release|Any CPU
		{B8B1D92F-E278-43D0-96B3-6A56B78BBCAE}.Release|x86.ActiveCfg = Release|Any CPU
		{B8B1D92F-E278-43D0-96B3-6A56B78BBCAE}.Release|x86.Build.0 = Release|Any CPU
		{B8B1D92F-E278-43D0-96B3-6A56B78BBCAE}.Release|x86.Deploy.0 = Release|Any CPU
		{C9131622-FEFC-45F5-BB69-E903892CC9E1}.Ad-Hoc|Any CPU.ActiveCfg = Ad-Hoc|iPhoneSimulator
		{C9131622-FEFC-45F5-BB69-E903892CC9E1}.Ad-Hoc|ARM.ActiveCfg = Ad-Hoc|iPhone
		{C9131622-FEFC-45F5-BB69-E903892CC9E1}.Ad-Hoc|iPhone.ActiveCfg = Ad-Hoc|iPhone
		{C9131622-FEFC-45F5-BB69-E903892CC9E1}.Ad-Hoc|iPhone.Build.0 = Ad-Hoc|iPhone
		{C9131622-FEFC-45F5-BB69-E903892CC9E1}.Ad-Hoc|iPhoneSimulator.ActiveCfg = Ad-Hoc|iPhoneSimulator
		{C9131622-FEFC-45F5-BB69-E903892CC9E1}.Ad-Hoc|iPhoneSimulator.Build.0 = Ad-Hoc|iPhoneSimulator
		{C9131622-FEFC-45F5-BB69-E903892CC9E1}.Ad-Hoc|x64.ActiveCfg = Ad-Hoc|iPhone
		{C9131622-FEFC-45F5-BB69-E903892CC9E1}.Ad-Hoc|x86.ActiveCfg = Ad-Hoc|iPhone
		{C9131622-FEFC-45F5-BB69-E903892CC9E1}.AppStore|Any CPU.ActiveCfg = AppStore|iPhoneSimulator
		{C9131622-FEFC-45F5-BB69-E903892CC9E1}.AppStore|ARM.ActiveCfg = AppStore|iPhone
		{C9131622-FEFC-45F5-BB69-E903892CC9E1}.AppStore|iPhone.ActiveCfg = AppStore|iPhone
		{C9131622-FEFC-45F5-BB69-E903892CC9E1}.AppStore|iPhone.Build.0 = AppStore|iPhone
		{C9131622-FEFC-45F5-BB69-E903892CC9E1}.AppStore|iPhoneSimulator.ActiveCfg = AppStore|iPhoneSimulator
		{C9131622-FEFC-45F5-BB69-E903892CC9E1}.AppStore|iPhoneSimulator.Build.0 = AppStore|iPhoneSimulator
		{C9131622-FEFC-45F5-BB69-E903892CC9E1}.AppStore|x64.ActiveCfg = AppStore|iPhone
		{C9131622-FEFC-45F5-BB69-E903892CC9E1}.AppStore|x86.ActiveCfg = AppStore|iPhone
		{C9131622-FEFC-45F5-BB69-E903892CC9E1}.Debug|Any CPU.ActiveCfg = Debug|iPhoneSimulator
		{C9131622-FEFC-45F5-BB69-E903892CC9E1}.Debug|Any CPU.Build.0 = Debug|iPhoneSimulator
		{C9131622-FEFC-45F5-BB69-E903892CC9E1}.Debug|ARM.ActiveCfg = Debug|iPhone
		{C9131622-FEFC-45F5-BB69-E903892CC9E1}.Debug|iPhone.ActiveCfg = Debug|iPhone
		{C9131622-FEFC-45F5-BB69-E903892CC9E1}.Debug|iPhone.Build.0 = Debug|iPhone
		{C9131622-FEFC-45F5-BB69-E903892CC9E1}.Debug|iPhoneSimulator.ActiveCfg = Debug|iPhoneSimulator
		{C9131622-FEFC-45F5-BB69-E903892CC9E1}.Debug|iPhoneSimulator.Build.0 = Debug|iPhoneSimulator
		{C9131622-FEFC-45F5-BB69-E903892CC9E1}.Debug|x64.ActiveCfg = Debug|iPhone
		{C9131622-FEFC-45F5-BB69-E903892CC9E1}.Debug|x86.ActiveCfg = Debug|iPhone
		{C9131622-FEFC-45F5-BB69-E903892CC9E1}.Release|Any CPU.ActiveCfg = Release|iPhoneSimulator
		{C9131622-FEFC-45F5-BB69-E903892CC9E1}.Release|Any CPU.Build.0 = Release|iPhoneSimulator
		{C9131622-FEFC-45F5-BB69-E903892CC9E1}.Release|ARM.ActiveCfg = Release|iPhone
		{C9131622-FEFC-45F5-BB69-E903892CC9E1}.Release|iPhone.ActiveCfg = Release|iPhone
		{C9131622-FEFC-45F5-BB69-E903892CC9E1}.Release|iPhone.Build.0 = Release|iPhone
		{C9131622-FEFC-45F5-BB69-E903892CC9E1}.Release|iPhoneSimulator.ActiveCfg = Release|iPhoneSimulator
		{C9131622-FEFC-45F5-BB69-E903892CC9E1}.Release|iPhoneSimulator.Build.0 = Release|iPhoneSimulator
		{C9131622-FEFC-45F5-BB69-E903892CC9E1}.Release|x64.ActiveCfg = Release|iPhone
		{C9131622-FEFC-45F5-BB69-E903892CC9E1}.Release|x86.ActiveCfg = Release|iPhone
		{FF2A5734-9A34-4FC4-AFF6-CEA8C9557796}.Ad-Hoc|Any CPU.ActiveCfg = Debug|Any CPU
		{FF2A5734-9A34-4FC4-AFF6-CEA8C9557796}.Ad-Hoc|Any CPU.Build.0 = Debug|Any CPU
		{FF2A5734-9A34-4FC4-AFF6-CEA8C9557796}.Ad-Hoc|ARM.ActiveCfg = Release|Any CPU
		{FF2A5734-9A34-4FC4-AFF6-CEA8C9557796}.Ad-Hoc|ARM.Build.0 = Release|Any CPU
		{FF2A5734-9A34-4FC4-AFF6-CEA8C9557796}.Ad-Hoc|iPhone.ActiveCfg = Release|Any CPU
		{FF2A5734-9A34-4FC4-AFF6-CEA8C9557796}.Ad-Hoc|iPhone.Build.0 = Release|Any CPU
		{FF2A5734-9A34-4FC4-AFF6-CEA8C9557796}.Ad-Hoc|iPhoneSimulator.ActiveCfg = Debug|Any CPU
		{FF2A5734-9A34-4FC4-AFF6-CEA8C9557796}.Ad-Hoc|iPhoneSimulator.Build.0 = Debug|Any CPU
		{FF2A5734-9A34-4FC4-AFF6-CEA8C9557796}.Ad-Hoc|x64.ActiveCfg = Release|Any CPU
		{FF2A5734-9A34-4FC4-AFF6-CEA8C9557796}.Ad-Hoc|x64.Build.0 = Release|Any CPU
		{FF2A5734-9A34-4FC4-AFF6-CEA8C9557796}.Ad-Hoc|x86.ActiveCfg = Release|Any CPU
		{FF2A5734-9A34-4FC4-AFF6-CEA8C9557796}.Ad-Hoc|x86.Build.0 = Release|Any CPU
		{FF2A5734-9A34-4FC4-AFF6-CEA8C9557796}.AppStore|Any CPU.ActiveCfg = Debug|Any CPU
		{FF2A5734-9A34-4FC4-AFF6-CEA8C9557796}.AppStore|Any CPU.Build.0 = Debug|Any CPU
		{FF2A5734-9A34-4FC4-AFF6-CEA8C9557796}.AppStore|ARM.ActiveCfg = Release|Any CPU
		{FF2A5734-9A34-4FC4-AFF6-CEA8C9557796}.AppStore|ARM.Build.0 = Release|Any CPU
		{FF2A5734-9A34-4FC4-AFF6-CEA8C9557796}.AppStore|iPhone.ActiveCfg = Release|Any CPU
		{FF2A5734-9A34-4FC4-AFF6-CEA8C9557796}.AppStore|iPhone.Build.0 = Release|Any CPU
		{FF2A5734-9A34-4FC4-AFF6-CEA8C9557796}.AppStore|iPhoneSimulator.ActiveCfg = Debug|Any CPU
		{FF2A5734-9A34-4FC4-AFF6-CEA8C9557796}.AppStore|iPhoneSimulator.Build.0 = Debug|Any CPU
		{FF2A5734-9A34-4FC4-AFF6-CEA8C9557796}.AppStore|x64.ActiveCfg = Release|Any CPU
		{FF2A5734-9A34-4FC4-AFF6-CEA8C9557796}.AppStore|x64.Build.0 = Release|Any CPU
		{FF2A5734-9A34-4FC4-AFF6-CEA8C9557796}.AppStore|x86.ActiveCfg = Release|Any CPU
		{FF2A5734-9A34-4FC4-AFF6-CEA8C9557796}.AppStore|x86.Build.0 = Release|Any CPU
		{FF2A5734-9A34-4FC4-AFF6-CEA8C9557796}.Debug|Any CPU.ActiveCfg = Debug|Any CPU
		{FF2A5734-9A34-4FC4-AFF6-CEA8C9557796}.Debug|Any CPU.Build.0 = Debug|Any CPU
		{FF2A5734-9A34-4FC4-AFF6-CEA8C9557796}.Debug|ARM.ActiveCfg = Debug|Any CPU
		{FF2A5734-9A34-4FC4-AFF6-CEA8C9557796}.Debug|ARM.Build.0 = Debug|Any CPU
		{FF2A5734-9A34-4FC4-AFF6-CEA8C9557796}.Debug|iPhone.ActiveCfg = Debug|Any CPU
		{FF2A5734-9A34-4FC4-AFF6-CEA8C9557796}.Debug|iPhone.Build.0 = Debug|Any CPU
		{FF2A5734-9A34-4FC4-AFF6-CEA8C9557796}.Debug|iPhoneSimulator.ActiveCfg = Debug|Any CPU
		{FF2A5734-9A34-4FC4-AFF6-CEA8C9557796}.Debug|iPhoneSimulator.Build.0 = Debug|Any CPU
		{FF2A5734-9A34-4FC4-AFF6-CEA8C9557796}.Debug|x64.ActiveCfg = Debug|Any CPU
		{FF2A5734-9A34-4FC4-AFF6-CEA8C9557796}.Debug|x64.Build.0 = Debug|Any CPU
		{FF2A5734-9A34-4FC4-AFF6-CEA8C9557796}.Debug|x86.ActiveCfg = Debug|Any CPU
		{FF2A5734-9A34-4FC4-AFF6-CEA8C9557796}.Debug|x86.Build.0 = Debug|Any CPU
		{FF2A5734-9A34-4FC4-AFF6-CEA8C9557796}.Release|Any CPU.ActiveCfg = Release|Any CPU
		{FF2A5734-9A34-4FC4-AFF6-CEA8C9557796}.Release|Any CPU.Build.0 = Release|Any CPU
		{FF2A5734-9A34-4FC4-AFF6-CEA8C9557796}.Release|ARM.ActiveCfg = Release|Any CPU
		{FF2A5734-9A34-4FC4-AFF6-CEA8C9557796}.Release|ARM.Build.0 = Release|Any CPU
		{FF2A5734-9A34-4FC4-AFF6-CEA8C9557796}.Release|iPhone.ActiveCfg = Release|Any CPU
		{FF2A5734-9A34-4FC4-AFF6-CEA8C9557796}.Release|iPhone.Build.0 = Release|Any CPU
		{FF2A5734-9A34-4FC4-AFF6-CEA8C9557796}.Release|iPhoneSimulator.ActiveCfg = Release|Any CPU
		{FF2A5734-9A34-4FC4-AFF6-CEA8C9557796}.Release|iPhoneSimulator.Build.0 = Release|Any CPU
		{FF2A5734-9A34-4FC4-AFF6-CEA8C9557796}.Release|x64.ActiveCfg = Release|Any CPU
		{FF2A5734-9A34-4FC4-AFF6-CEA8C9557796}.Release|x64.Build.0 = Release|Any CPU
		{FF2A5734-9A34-4FC4-AFF6-CEA8C9557796}.Release|x86.ActiveCfg = Release|Any CPU
		{FF2A5734-9A34-4FC4-AFF6-CEA8C9557796}.Release|x86.Build.0 = Release|Any CPU
	EndGlobalSection
	GlobalSection(MonoDevelopProperties) = preSolution
		Policies = $0
		$0.DotNetNamingPolicy = $1
		$1.DirectoryNamespaceAssociation = PrefixedHierarchical
		$1.ResourceNamePolicy = FileFormatDefault
	EndGlobalSection
	GlobalSection(SolutionProperties) = preSolution
		HideSolutionNode = FALSE
	EndGlobalSection
EndGlobal
