
Microsoft Visual Studio Solution File, Format Version 12.00
# Visual Studio 2013
VisualStudioVersion = 12.0.31101.0
MinimumVisualStudioVersion = 10.0.40219.1
Project("{FAE04EC0-301F-11D3-BF4B-00C04F79EFBC}") = "XamarinSA.Locator.iOS", "XamarinSA.Locator\XamarinSA.Locator.iOS\XamarinSA.Locator.iOS.csproj", "{4018999A-6C2D-47AE-84F9-E904067E3CEB}"
	ProjectSection(ProjectDependencies) = postProject
		{67F9D3A8-F71E-4428-913F-C37AE82CDB24} = {67F9D3A8-F71E-4428-913F-C37AE82CDB24}
	EndProjectSection
EndProject
Project("{FAE04EC0-301F-11D3-BF4B-00C04F79EFBC}") = "XamarinSA.Locator.Droid", "XamarinSA.Locator\XamarinSA.Locator.Droid\XamarinSA.Locator.Droid.csproj", "{F752A834-057D-4498-9444-AD292E7B687C}"
EndProject
Project("{FAE04EC0-301F-11D3-BF4B-00C04F79EFBC}") = "XamarinSA.Locator.WinPhone", "XamarinSA.Locator\XamarinSA.Locator.WinPhone\XamarinSA.Locator.WinPhone.csproj", "{5E605EF2-284E-44F8-A72A-C85C57FB15B5}"
EndProject
Project("{2150E333-8FDC-42A3-9474-1A3956D46DE8}") = ".nuget", ".nuget", "{8A551C63-6C43-4AFD-9A78-71929621EA7F}"
	ProjectSection(SolutionItems) = preProject
		.nuget\NuGet.Config = .nuget\NuGet.Config
		.nuget\NuGet.exe = .nuget\NuGet.exe
		.nuget\NuGet.targets = .nuget\NuGet.targets
	EndProjectSection
EndProject
Project("{FAE04EC0-301F-11D3-BF4B-00C04F79EFBC}") = "XamarinSA.Locator", "XamarinSA.Locator\XamarinSA.Locator\XamarinSA.Locator\XamarinSA.Locator.csproj", "{A94862B4-F824-483E-B2B7-551E7EC51978}"
EndProject
Project("{FAE04EC0-301F-11D3-BF4B-00C04F79EFBC}") = "XamarinSA.Locator.Data", "XamarinSA.Locator\XamarinSA.Locator.Data\XamarinSA.Locator.Data.csproj", "{67F9D3A8-F71E-4428-913F-C37AE82CDB24}"
EndProject
Global
	GlobalSection(SolutionConfigurationPlatforms) = preSolution
		Ad-Hoc|Any CPU = Ad-Hoc|Any CPU
		Ad-Hoc|ARM = Ad-Hoc|ARM
		Ad-Hoc|iPhone = Ad-Hoc|iPhone
		Ad-Hoc|iPhoneSimulator = Ad-Hoc|iPhoneSimulator
		Ad-Hoc|Mixed Platforms = Ad-Hoc|Mixed Platforms
		Ad-Hoc|x86 = Ad-Hoc|x86
		AppStore|Any CPU = AppStore|Any CPU
		AppStore|ARM = AppStore|ARM
		AppStore|iPhone = AppStore|iPhone
		AppStore|iPhoneSimulator = AppStore|iPhoneSimulator
		AppStore|Mixed Platforms = AppStore|Mixed Platforms
		AppStore|x86 = AppStore|x86
		Debug|Any CPU = Debug|Any CPU
		Debug|ARM = Debug|ARM
		Debug|iPhone = Debug|iPhone
		Debug|iPhoneSimulator = Debug|iPhoneSimulator
		Debug|Mixed Platforms = Debug|Mixed Platforms
		Debug|x86 = Debug|x86
		Release|Any CPU = Release|Any CPU
		Release|ARM = Release|ARM
		Release|iPhone = Release|iPhone
		Release|iPhoneSimulator = Release|iPhoneSimulator
		Release|Mixed Platforms = Release|Mixed Platforms
		Release|x86 = Release|x86
	EndGlobalSection
	GlobalSection(ProjectConfigurationPlatforms) = postSolution
		{4018999A-6C2D-47AE-84F9-E904067E3CEB}.Ad-Hoc|Any CPU.ActiveCfg = Ad-Hoc|iPhone
		{4018999A-6C2D-47AE-84F9-E904067E3CEB}.Ad-Hoc|ARM.ActiveCfg = Ad-Hoc|iPhone
		{4018999A-6C2D-47AE-84F9-E904067E3CEB}.Ad-Hoc|iPhone.ActiveCfg = Ad-Hoc|iPhone
		{4018999A-6C2D-47AE-84F9-E904067E3CEB}.Ad-Hoc|iPhone.Build.0 = Ad-Hoc|iPhone
		{4018999A-6C2D-47AE-84F9-E904067E3CEB}.Ad-Hoc|iPhoneSimulator.ActiveCfg = Ad-Hoc|iPhoneSimulator
		{4018999A-6C2D-47AE-84F9-E904067E3CEB}.Ad-Hoc|iPhoneSimulator.Build.0 = Ad-Hoc|iPhoneSimulator
		{4018999A-6C2D-47AE-84F9-E904067E3CEB}.Ad-Hoc|Mixed Platforms.ActiveCfg = Ad-Hoc|iPhone
		{4018999A-6C2D-47AE-84F9-E904067E3CEB}.Ad-Hoc|Mixed Platforms.Build.0 = Ad-Hoc|iPhone
		{4018999A-6C2D-47AE-84F9-E904067E3CEB}.Ad-Hoc|x86.ActiveCfg = Ad-Hoc|iPhone
		{4018999A-6C2D-47AE-84F9-E904067E3CEB}.AppStore|Any CPU.ActiveCfg = AppStore|iPhone
		{4018999A-6C2D-47AE-84F9-E904067E3CEB}.AppStore|ARM.ActiveCfg = AppStore|iPhone
		{4018999A-6C2D-47AE-84F9-E904067E3CEB}.AppStore|iPhone.ActiveCfg = AppStore|iPhone
		{4018999A-6C2D-47AE-84F9-E904067E3CEB}.AppStore|iPhone.Build.0 = AppStore|iPhone
		{4018999A-6C2D-47AE-84F9-E904067E3CEB}.AppStore|iPhoneSimulator.ActiveCfg = AppStore|iPhoneSimulator
		{4018999A-6C2D-47AE-84F9-E904067E3CEB}.AppStore|iPhoneSimulator.Build.0 = AppStore|iPhoneSimulator
		{4018999A-6C2D-47AE-84F9-E904067E3CEB}.AppStore|Mixed Platforms.ActiveCfg = AppStore|iPhone
		{4018999A-6C2D-47AE-84F9-E904067E3CEB}.AppStore|Mixed Platforms.Build.0 = AppStore|iPhone
		{4018999A-6C2D-47AE-84F9-E904067E3CEB}.AppStore|x86.ActiveCfg = AppStore|iPhone
		{4018999A-6C2D-47AE-84F9-E904067E3CEB}.Debug|Any CPU.ActiveCfg = Debug|iPhone
		{4018999A-6C2D-47AE-84F9-E904067E3CEB}.Debug|ARM.ActiveCfg = Debug|iPhone
		{4018999A-6C2D-47AE-84F9-E904067E3CEB}.Debug|iPhone.ActiveCfg = Debug|iPhone
		{4018999A-6C2D-47AE-84F9-E904067E3CEB}.Debug|iPhone.Build.0 = Debug|iPhone
		{4018999A-6C2D-47AE-84F9-E904067E3CEB}.Debug|iPhoneSimulator.ActiveCfg = Debug|iPhoneSimulator
		{4018999A-6C2D-47AE-84F9-E904067E3CEB}.Debug|iPhoneSimulator.Build.0 = Debug|iPhoneSimulator
		{4018999A-6C2D-47AE-84F9-E904067E3CEB}.Debug|Mixed Platforms.ActiveCfg = Debug|iPhone
		{4018999A-6C2D-47AE-84F9-E904067E3CEB}.Debug|Mixed Platforms.Build.0 = Debug|iPhone
		{4018999A-6C2D-47AE-84F9-E904067E3CEB}.Debug|x86.ActiveCfg = Debug|iPhone
		{4018999A-6C2D-47AE-84F9-E904067E3CEB}.Release|Any CPU.ActiveCfg = Release|iPhone
		{4018999A-6C2D-47AE-84F9-E904067E3CEB}.Release|ARM.ActiveCfg = Release|iPhone
		{4018999A-6C2D-47AE-84F9-E904067E3CEB}.Release|iPhone.ActiveCfg = Release|iPhone
		{4018999A-6C2D-47AE-84F9-E904067E3CEB}.Release|iPhone.Build.0 = Release|iPhone
		{4018999A-6C2D-47AE-84F9-E904067E3CEB}.Release|iPhoneSimulator.ActiveCfg = Release|iPhoneSimulator
		{4018999A-6C2D-47AE-84F9-E904067E3CEB}.Release|iPhoneSimulator.Build.0 = Release|iPhoneSimulator
		{4018999A-6C2D-47AE-84F9-E904067E3CEB}.Release|Mixed Platforms.ActiveCfg = Release|iPhone
		{4018999A-6C2D-47AE-84F9-E904067E3CEB}.Release|Mixed Platforms.Build.0 = Release|iPhone
		{4018999A-6C2D-47AE-84F9-E904067E3CEB}.Release|x86.ActiveCfg = Release|iPhone
		{F752A834-057D-4498-9444-AD292E7B687C}.Ad-Hoc|Any CPU.ActiveCfg = Release|Any CPU
		{F752A834-057D-4498-9444-AD292E7B687C}.Ad-Hoc|Any CPU.Build.0 = Release|Any CPU
		{F752A834-057D-4498-9444-AD292E7B687C}.Ad-Hoc|Any CPU.Deploy.0 = Release|Any CPU
		{F752A834-057D-4498-9444-AD292E7B687C}.Ad-Hoc|ARM.ActiveCfg = Release|Any CPU
		{F752A834-057D-4498-9444-AD292E7B687C}.Ad-Hoc|iPhone.ActiveCfg = Release|Any CPU
		{F752A834-057D-4498-9444-AD292E7B687C}.Ad-Hoc|iPhoneSimulator.ActiveCfg = Release|Any CPU
		{F752A834-057D-4498-9444-AD292E7B687C}.Ad-Hoc|Mixed Platforms.ActiveCfg = Release|Any CPU
		{F752A834-057D-4498-9444-AD292E7B687C}.Ad-Hoc|Mixed Platforms.Build.0 = Release|Any CPU
		{F752A834-057D-4498-9444-AD292E7B687C}.Ad-Hoc|Mixed Platforms.Deploy.0 = Release|Any CPU
		{F752A834-057D-4498-9444-AD292E7B687C}.Ad-Hoc|x86.ActiveCfg = Release|Any CPU
		{F752A834-057D-4498-9444-AD292E7B687C}.AppStore|Any CPU.ActiveCfg = Release|Any CPU
		{F752A834-057D-4498-9444-AD292E7B687C}.AppStore|Any CPU.Build.0 = Release|Any CPU
		{F752A834-057D-4498-9444-AD292E7B687C}.AppStore|Any CPU.Deploy.0 = Release|Any CPU
		{F752A834-057D-4498-9444-AD292E7B687C}.AppStore|ARM.ActiveCfg = Release|Any CPU
		{F752A834-057D-4498-9444-AD292E7B687C}.AppStore|iPhone.ActiveCfg = Release|Any CPU
		{F752A834-057D-4498-9444-AD292E7B687C}.AppStore|iPhoneSimulator.ActiveCfg = Release|Any CPU
		{F752A834-057D-4498-9444-AD292E7B687C}.AppStore|Mixed Platforms.ActiveCfg = Release|Any CPU
		{F752A834-057D-4498-9444-AD292E7B687C}.AppStore|Mixed Platforms.Build.0 = Release|Any CPU
		{F752A834-057D-4498-9444-AD292E7B687C}.AppStore|Mixed Platforms.Deploy.0 = Release|Any CPU
		{F752A834-057D-4498-9444-AD292E7B687C}.AppStore|x86.ActiveCfg = Release|Any CPU
		{F752A834-057D-4498-9444-AD292E7B687C}.Debug|Any CPU.ActiveCfg = Debug|Any CPU
		{F752A834-057D-4498-9444-AD292E7B687C}.Debug|Any CPU.Build.0 = Debug|Any CPU
		{F752A834-057D-4498-9444-AD292E7B687C}.Debug|Any CPU.Deploy.0 = Debug|Any CPU
		{F752A834-057D-4498-9444-AD292E7B687C}.Debug|ARM.ActiveCfg = Debug|Any CPU
		{F752A834-057D-4498-9444-AD292E7B687C}.Debug|iPhone.ActiveCfg = Debug|Any CPU
		{F752A834-057D-4498-9444-AD292E7B687C}.Debug|iPhoneSimulator.ActiveCfg = Debug|Any CPU
		{F752A834-057D-4498-9444-AD292E7B687C}.Debug|Mixed Platforms.ActiveCfg = Debug|Any CPU
		{F752A834-057D-4498-9444-AD292E7B687C}.Debug|Mixed Platforms.Build.0 = Debug|Any CPU
		{F752A834-057D-4498-9444-AD292E7B687C}.Debug|Mixed Platforms.Deploy.0 = Debug|Any CPU
		{F752A834-057D-4498-9444-AD292E7B687C}.Debug|x86.ActiveCfg = Debug|Any CPU
		{F752A834-057D-4498-9444-AD292E7B687C}.Release|Any CPU.ActiveCfg = Release|Any CPU
		{F752A834-057D-4498-9444-AD292E7B687C}.Release|Any CPU.Build.0 = Release|Any CPU
		{F752A834-057D-4498-9444-AD292E7B687C}.Release|Any CPU.Deploy.0 = Release|Any CPU
		{F752A834-057D-4498-9444-AD292E7B687C}.Release|ARM.ActiveCfg = Release|Any CPU
		{F752A834-057D-4498-9444-AD292E7B687C}.Release|iPhone.ActiveCfg = Release|Any CPU
		{F752A834-057D-4498-9444-AD292E7B687C}.Release|iPhoneSimulator.ActiveCfg = Release|Any CPU
		{F752A834-057D-4498-9444-AD292E7B687C}.Release|Mixed Platforms.ActiveCfg = Release|Any CPU
		{F752A834-057D-4498-9444-AD292E7B687C}.Release|Mixed Platforms.Build.0 = Release|Any CPU
		{F752A834-057D-4498-9444-AD292E7B687C}.Release|Mixed Platforms.Deploy.0 = Release|Any CPU
		{F752A834-057D-4498-9444-AD292E7B687C}.Release|x86.ActiveCfg = Release|Any CPU
		{5E605EF2-284E-44F8-A72A-C85C57FB15B5}.Ad-Hoc|Any CPU.ActiveCfg = Release|Any CPU
		{5E605EF2-284E-44F8-A72A-C85C57FB15B5}.Ad-Hoc|Any CPU.Build.0 = Release|Any CPU
		{5E605EF2-284E-44F8-A72A-C85C57FB15B5}.Ad-Hoc|Any CPU.Deploy.0 = Release|Any CPU
		{5E605EF2-284E-44F8-A72A-C85C57FB15B5}.Ad-Hoc|ARM.ActiveCfg = Release|ARM
		{5E605EF2-284E-44F8-A72A-C85C57FB15B5}.Ad-Hoc|ARM.Build.0 = Release|ARM
		{5E605EF2-284E-44F8-A72A-C85C57FB15B5}.Ad-Hoc|ARM.Deploy.0 = Release|ARM
		{5E605EF2-284E-44F8-A72A-C85C57FB15B5}.Ad-Hoc|iPhone.ActiveCfg = Release|Any CPU
		{5E605EF2-284E-44F8-A72A-C85C57FB15B5}.Ad-Hoc|iPhoneSimulator.ActiveCfg = Release|Any CPU
		{5E605EF2-284E-44F8-A72A-C85C57FB15B5}.Ad-Hoc|Mixed Platforms.ActiveCfg = Release|x86
		{5E605EF2-284E-44F8-A72A-C85C57FB15B5}.Ad-Hoc|Mixed Platforms.Build.0 = Release|x86
		{5E605EF2-284E-44F8-A72A-C85C57FB15B5}.Ad-Hoc|Mixed Platforms.Deploy.0 = Release|x86
		{5E605EF2-284E-44F8-A72A-C85C57FB15B5}.Ad-Hoc|x86.ActiveCfg = Release|x86
		{5E605EF2-284E-44F8-A72A-C85C57FB15B5}.Ad-Hoc|x86.Build.0 = Release|x86
		{5E605EF2-284E-44F8-A72A-C85C57FB15B5}.Ad-Hoc|x86.Deploy.0 = Release|x86
		{5E605EF2-284E-44F8-A72A-C85C57FB15B5}.AppStore|Any CPU.ActiveCfg = Release|Any CPU
		{5E605EF2-284E-44F8-A72A-C85C57FB15B5}.AppStore|Any CPU.Build.0 = Release|Any CPU
		{5E605EF2-284E-44F8-A72A-C85C57FB15B5}.AppStore|Any CPU.Deploy.0 = Release|Any CPU
		{5E605EF2-284E-44F8-A72A-C85C57FB15B5}.AppStore|ARM.ActiveCfg = Release|ARM
		{5E605EF2-284E-44F8-A72A-C85C57FB15B5}.AppStore|ARM.Build.0 = Release|ARM
		{5E605EF2-284E-44F8-A72A-C85C57FB15B5}.AppStore|ARM.Deploy.0 = Release|ARM
		{5E605EF2-284E-44F8-A72A-C85C57FB15B5}.AppStore|iPhone.ActiveCfg = Release|Any CPU
		{5E605EF2-284E-44F8-A72A-C85C57FB15B5}.AppStore|iPhoneSimulator.ActiveCfg = Release|Any CPU
		{5E605EF2-284E-44F8-A72A-C85C57FB15B5}.AppStore|Mixed Platforms.ActiveCfg = Release|x86
		{5E605EF2-284E-44F8-A72A-C85C57FB15B5}.AppStore|Mixed Platforms.Build.0 = Release|x86
		{5E605EF2-284E-44F8-A72A-C85C57FB15B5}.AppStore|Mixed Platforms.Deploy.0 = Release|x86
		{5E605EF2-284E-44F8-A72A-C85C57FB15B5}.AppStore|x86.ActiveCfg = Release|x86
		{5E605EF2-284E-44F8-A72A-C85C57FB15B5}.AppStore|x86.Build.0 = Release|x86
		{5E605EF2-284E-44F8-A72A-C85C57FB15B5}.AppStore|x86.Deploy.0 = Release|x86
		{5E605EF2-284E-44F8-A72A-C85C57FB15B5}.Debug|Any CPU.ActiveCfg = Debug|Any CPU
		{5E605EF2-284E-44F8-A72A-C85C57FB15B5}.Debug|Any CPU.Build.0 = Debug|Any CPU
		{5E605EF2-284E-44F8-A72A-C85C57FB15B5}.Debug|Any CPU.Deploy.0 = Debug|Any CPU
		{5E605EF2-284E-44F8-A72A-C85C57FB15B5}.Debug|ARM.ActiveCfg = Debug|ARM
		{5E605EF2-284E-44F8-A72A-C85C57FB15B5}.Debug|ARM.Build.0 = Debug|ARM
		{5E605EF2-284E-44F8-A72A-C85C57FB15B5}.Debug|ARM.Deploy.0 = Debug|ARM
		{5E605EF2-284E-44F8-A72A-C85C57FB15B5}.Debug|iPhone.ActiveCfg = Debug|Any CPU
		{5E605EF2-284E-44F8-A72A-C85C57FB15B5}.Debug|iPhoneSimulator.ActiveCfg = Debug|Any CPU
		{5E605EF2-284E-44F8-A72A-C85C57FB15B5}.Debug|Mixed Platforms.ActiveCfg = Debug|x86
		{5E605EF2-284E-44F8-A72A-C85C57FB15B5}.Debug|Mixed Platforms.Build.0 = Debug|x86
		{5E605EF2-284E-44F8-A72A-C85C57FB15B5}.Debug|Mixed Platforms.Deploy.0 = Debug|x86
		{5E605EF2-284E-44F8-A72A-C85C57FB15B5}.Debug|x86.ActiveCfg = Debug|x86
		{5E605EF2-284E-44F8-A72A-C85C57FB15B5}.Debug|x86.Build.0 = Debug|x86
		{5E605EF2-284E-44F8-A72A-C85C57FB15B5}.Debug|x86.Deploy.0 = Debug|x86
		{5E605EF2-284E-44F8-A72A-C85C57FB15B5}.Release|Any CPU.ActiveCfg = Release|Any CPU
		{5E605EF2-284E-44F8-A72A-C85C57FB15B5}.Release|Any CPU.Build.0 = Release|Any CPU
		{5E605EF2-284E-44F8-A72A-C85C57FB15B5}.Release|Any CPU.Deploy.0 = Release|Any CPU
		{5E605EF2-284E-44F8-A72A-C85C57FB15B5}.Release|ARM.ActiveCfg = Release|ARM
		{5E605EF2-284E-44F8-A72A-C85C57FB15B5}.Release|ARM.Build.0 = Release|ARM
		{5E605EF2-284E-44F8-A72A-C85C57FB15B5}.Release|ARM.Deploy.0 = Release|ARM
		{5E605EF2-284E-44F8-A72A-C85C57FB15B5}.Release|iPhone.ActiveCfg = Release|Any CPU
		{5E605EF2-284E-44F8-A72A-C85C57FB15B5}.Release|iPhoneSimulator.ActiveCfg = Release|Any CPU
		{5E605EF2-284E-44F8-A72A-C85C57FB15B5}.Release|Mixed Platforms.ActiveCfg = Release|x86
		{5E605EF2-284E-44F8-A72A-C85C57FB15B5}.Release|Mixed Platforms.Build.0 = Release|x86
		{5E605EF2-284E-44F8-A72A-C85C57FB15B5}.Release|Mixed Platforms.Deploy.0 = Release|x86
		{5E605EF2-284E-44F8-A72A-C85C57FB15B5}.Release|x86.ActiveCfg = Release|x86
		{5E605EF2-284E-44F8-A72A-C85C57FB15B5}.Release|x86.Build.0 = Release|x86
		{5E605EF2-284E-44F8-A72A-C85C57FB15B5}.Release|x86.Deploy.0 = Release|x86
		{A94862B4-F824-483E-B2B7-551E7EC51978}.Ad-Hoc|Any CPU.ActiveCfg = Release|Any CPU
		{A94862B4-F824-483E-B2B7-551E7EC51978}.Ad-Hoc|Any CPU.Build.0 = Release|Any CPU
		{A94862B4-F824-483E-B2B7-551E7EC51978}.Ad-Hoc|ARM.ActiveCfg = Release|Any CPU
		{A94862B4-F824-483E-B2B7-551E7EC51978}.Ad-Hoc|iPhone.ActiveCfg = Release|Any CPU
		{A94862B4-F824-483E-B2B7-551E7EC51978}.Ad-Hoc|iPhoneSimulator.ActiveCfg = Release|Any CPU
		{A94862B4-F824-483E-B2B7-551E7EC51978}.Ad-Hoc|Mixed Platforms.ActiveCfg = Release|Any CPU
		{A94862B4-F824-483E-B2B7-551E7EC51978}.Ad-Hoc|Mixed Platforms.Build.0 = Release|Any CPU
		{A94862B4-F824-483E-B2B7-551E7EC51978}.Ad-Hoc|x86.ActiveCfg = Release|Any CPU
		{A94862B4-F824-483E-B2B7-551E7EC51978}.AppStore|Any CPU.ActiveCfg = Release|Any CPU
		{A94862B4-F824-483E-B2B7-551E7EC51978}.AppStore|Any CPU.Build.0 = Release|Any CPU
		{A94862B4-F824-483E-B2B7-551E7EC51978}.AppStore|ARM.ActiveCfg = Release|Any CPU
		{A94862B4-F824-483E-B2B7-551E7EC51978}.AppStore|iPhone.ActiveCfg = Release|Any CPU
		{A94862B4-F824-483E-B2B7-551E7EC51978}.AppStore|iPhoneSimulator.ActiveCfg = Release|Any CPU
		{A94862B4-F824-483E-B2B7-551E7EC51978}.AppStore|Mixed Platforms.ActiveCfg = Release|Any CPU
		{A94862B4-F824-483E-B2B7-551E7EC51978}.AppStore|Mixed Platforms.Build.0 = Release|Any CPU
		{A94862B4-F824-483E-B2B7-551E7EC51978}.AppStore|x86.ActiveCfg = Release|Any CPU
		{A94862B4-F824-483E-B2B7-551E7EC51978}.Debug|Any CPU.ActiveCfg = Debug|Any CPU
		{A94862B4-F824-483E-B2B7-551E7EC51978}.Debug|Any CPU.Build.0 = Debug|Any CPU
		{A94862B4-F824-483E-B2B7-551E7EC51978}.Debug|ARM.ActiveCfg = Debug|Any CPU
		{A94862B4-F824-483E-B2B7-551E7EC51978}.Debug|ARM.Build.0 = Debug|Any CPU
		{A94862B4-F824-483E-B2B7-551E7EC51978}.Debug|iPhone.ActiveCfg = Debug|Any CPU
		{A94862B4-F824-483E-B2B7-551E7EC51978}.Debug|iPhone.Build.0 = Debug|Any CPU
		{A94862B4-F824-483E-B2B7-551E7EC51978}.Debug|iPhoneSimulator.ActiveCfg = Debug|Any CPU
		{A94862B4-F824-483E-B2B7-551E7EC51978}.Debug|iPhoneSimulator.Build.0 = Debug|Any CPU
		{A94862B4-F824-483E-B2B7-551E7EC51978}.Debug|Mixed Platforms.ActiveCfg = Debug|Any CPU
		{A94862B4-F824-483E-B2B7-551E7EC51978}.Debug|Mixed Platforms.Build.0 = Debug|Any CPU
		{A94862B4-F824-483E-B2B7-551E7EC51978}.Debug|x86.ActiveCfg = Debug|Any CPU
		{A94862B4-F824-483E-B2B7-551E7EC51978}.Debug|x86.Build.0 = Debug|Any CPU
		{A94862B4-F824-483E-B2B7-551E7EC51978}.Release|Any CPU.ActiveCfg = Release|Any CPU
		{A94862B4-F824-483E-B2B7-551E7EC51978}.Release|Any CPU.Build.0 = Release|Any CPU
		{A94862B4-F824-483E-B2B7-551E7EC51978}.Release|ARM.ActiveCfg = Release|Any CPU
		{A94862B4-F824-483E-B2B7-551E7EC51978}.Release|iPhone.ActiveCfg = Release|Any CPU
		{A94862B4-F824-483E-B2B7-551E7EC51978}.Release|iPhoneSimulator.ActiveCfg = Release|Any CPU
		{A94862B4-F824-483E-B2B7-551E7EC51978}.Release|Mixed Platforms.ActiveCfg = Release|Any CPU
		{A94862B4-F824-483E-B2B7-551E7EC51978}.Release|Mixed Platforms.Build.0 = Release|Any CPU
		{A94862B4-F824-483E-B2B7-551E7EC51978}.Release|x86.ActiveCfg = Release|Any CPU
		{67F9D3A8-F71E-4428-913F-C37AE82CDB24}.Ad-Hoc|Any CPU.ActiveCfg = Release|Any CPU
		{67F9D3A8-F71E-4428-913F-C37AE82CDB24}.Ad-Hoc|Any CPU.Build.0 = Release|Any CPU
		{67F9D3A8-F71E-4428-913F-C37AE82CDB24}.Ad-Hoc|ARM.ActiveCfg = Release|Any CPU
		{67F9D3A8-F71E-4428-913F-C37AE82CDB24}.Ad-Hoc|iPhone.ActiveCfg = Release|Any CPU
		{67F9D3A8-F71E-4428-913F-C37AE82CDB24}.Ad-Hoc|iPhoneSimulator.ActiveCfg = Release|Any CPU
		{67F9D3A8-F71E-4428-913F-C37AE82CDB24}.Ad-Hoc|Mixed Platforms.ActiveCfg = Release|Any CPU
		{67F9D3A8-F71E-4428-913F-C37AE82CDB24}.Ad-Hoc|Mixed Platforms.Build.0 = Release|Any CPU
		{67F9D3A8-F71E-4428-913F-C37AE82CDB24}.Ad-Hoc|x86.ActiveCfg = Release|Any CPU
		{67F9D3A8-F71E-4428-913F-C37AE82CDB24}.AppStore|Any CPU.ActiveCfg = Release|Any CPU
		{67F9D3A8-F71E-4428-913F-C37AE82CDB24}.AppStore|Any CPU.Build.0 = Release|Any CPU
		{67F9D3A8-F71E-4428-913F-C37AE82CDB24}.AppStore|ARM.ActiveCfg = Release|Any CPU
		{67F9D3A8-F71E-4428-913F-C37AE82CDB24}.AppStore|iPhone.ActiveCfg = Release|Any CPU
		{67F9D3A8-F71E-4428-913F-C37AE82CDB24}.AppStore|iPhoneSimulator.ActiveCfg = Release|Any CPU
		{67F9D3A8-F71E-4428-913F-C37AE82CDB24}.AppStore|Mixed Platforms.ActiveCfg = Release|Any CPU
		{67F9D3A8-F71E-4428-913F-C37AE82CDB24}.AppStore|Mixed Platforms.Build.0 = Release|Any CPU
		{67F9D3A8-F71E-4428-913F-C37AE82CDB24}.AppStore|x86.ActiveCfg = Release|Any CPU
		{67F9D3A8-F71E-4428-913F-C37AE82CDB24}.Debug|Any CPU.ActiveCfg = Debug|Any CPU
		{67F9D3A8-F71E-4428-913F-C37AE82CDB24}.Debug|Any CPU.Build.0 = Debug|Any CPU
		{67F9D3A8-F71E-4428-913F-C37AE82CDB24}.Debug|ARM.ActiveCfg = Debug|Any CPU
		{67F9D3A8-F71E-4428-913F-C37AE82CDB24}.Debug|ARM.Build.0 = Debug|Any CPU
		{67F9D3A8-F71E-4428-913F-C37AE82CDB24}.Debug|iPhone.ActiveCfg = Debug|Any CPU
		{67F9D3A8-F71E-4428-913F-C37AE82CDB24}.Debug|iPhone.Build.0 = Debug|Any CPU
		{67F9D3A8-F71E-4428-913F-C37AE82CDB24}.Debug|iPhoneSimulator.ActiveCfg = Debug|Any CPU
		{67F9D3A8-F71E-4428-913F-C37AE82CDB24}.Debug|iPhoneSimulator.Build.0 = Debug|Any CPU
		{67F9D3A8-F71E-4428-913F-C37AE82CDB24}.Debug|Mixed Platforms.ActiveCfg = Debug|Any CPU
		{67F9D3A8-F71E-4428-913F-C37AE82CDB24}.Debug|Mixed Platforms.Build.0 = Debug|Any CPU
		{67F9D3A8-F71E-4428-913F-C37AE82CDB24}.Debug|x86.ActiveCfg = Debug|Any CPU
		{67F9D3A8-F71E-4428-913F-C37AE82CDB24}.Debug|x86.Build.0 = Debug|Any CPU
		{67F9D3A8-F71E-4428-913F-C37AE82CDB24}.Release|Any CPU.ActiveCfg = Release|Any CPU
		{67F9D3A8-F71E-4428-913F-C37AE82CDB24}.Release|Any CPU.Build.0 = Release|Any CPU
		{67F9D3A8-F71E-4428-913F-C37AE82CDB24}.Release|ARM.ActiveCfg = Release|Any CPU
		{67F9D3A8-F71E-4428-913F-C37AE82CDB24}.Release|iPhone.ActiveCfg = Release|Any CPU
		{67F9D3A8-F71E-4428-913F-C37AE82CDB24}.Release|iPhoneSimulator.ActiveCfg = Release|Any CPU
		{67F9D3A8-F71E-4428-913F-C37AE82CDB24}.Release|Mixed Platforms.ActiveCfg = Release|Any CPU
		{67F9D3A8-F71E-4428-913F-C37AE82CDB24}.Release|Mixed Platforms.Build.0 = Release|Any CPU
		{67F9D3A8-F71E-4428-913F-C37AE82CDB24}.Release|x86.ActiveCfg = Release|Any CPU
	EndGlobalSection
	GlobalSection(SolutionProperties) = preSolution
		HideSolutionNode = FALSE
	EndGlobalSection
EndGlobal
